
Microsoft Visual Studio Solution File, Format Version 12.00
# Visual Studio Version 17
VisualStudioVersion = 17.12.35527.113 d17.12
MinimumVisualStudioVersion = 10.0.40219.1
Project("{FAE04EC0-301F-11D3-BF4B-00C04F79EFBC}") = "IntegralCalculationLib", "IntegralCalculationLib\IntegralCalculationLib.csproj", "{92067F1B-B17B-404B-B05D-BFB39C62A715}"
EndProject
Project("{FAE04EC0-301F-11D3-BF4B-00C04F79EFBC}") = "IntegralApp", "IntegralApp\IntegralApp.csproj", "{42E43683-5300-4B36-B6C9-D8A4AC54A2D3}"
EndProject
Global
	GlobalSection(SolutionConfigurationPlatforms) = preSolution
		Debug|Any CPU = Debug|Any CPU
		Release|Any CPU = Release|Any CPU
	EndGlobalSection
	GlobalSection(ProjectConfigurationPlatforms) = postSolution
		{92067F1B-B17B-404B-B05D-BFB39C62A715}.Debug|Any CPU.ActiveCfg = Debug|Any CPU
		{92067F1B-B17B-404B-B05D-BFB39C62A715}.Debug|Any CPU.Build.0 = Debug|Any CPU
		{92067F1B-B17B-404B-B05D-BFB39C62A715}.Release|Any CPU.ActiveCfg = Release|Any CPU
		{92067F1B-B17B-404B-B05D-BFB39C62A715}.Release|Any CPU.Build.0 = Release|Any CPU
		{42E43683-5300-4B36-B6C9-D8A4AC54A2D3}.Debug|Any CPU.ActiveCfg = Debug|Any CPU
		{42E43683-5300-4B36-B6C9-D8A4AC54A2D3}.Debug|Any CPU.Build.0 = Debug|Any CPU
		{42E43683-5300-4B36-B6C9-D8A4AC54A2D3}.Release|Any CPU.ActiveCfg = Release|Any CPU
		{42E43683-5300-4B36-B6C9-D8A4AC54A2D3}.Release|Any CPU.Build.0 = Release|Any CPU
	EndGlobalSection
	GlobalSection(SolutionProperties) = preSolution
		HideSolutionNode = FALSE
	EndGlobalSection
EndGlobal
